
Microsoft Visual Studio Solution File, Format Version 12.00
# Visual Studio Version 17
VisualStudioVersion = 17.11.35431.28
MinimumVisualStudioVersion = 10.0.40219.1
Project("{FAE04EC0-301F-11D3-BF4B-00C04F79EFBC}") = "LatihanResponsi", "LatihanResponsi\LatihanResponsi.csproj", "{EF5A709D-B7A3-44A7-A9C4-A0A0500DE3CF}"
EndProject
Global
	GlobalSection(SolutionConfigurationPlatforms) = preSolution
		Debug|Any CPU = Debug|Any CPU
		Release|Any CPU = Release|Any CPU
	EndGlobalSection
	GlobalSection(ProjectConfigurationPlatforms) = postSolution
		{EF5A709D-B7A3-44A7-A9C4-A0A0500DE3CF}.Debug|Any CPU.ActiveCfg = Debug|Any CPU
		{EF5A709D-B7A3-44A7-A9C4-A0A0500DE3CF}.Debug|Any CPU.Build.0 = Debug|Any CPU
		{EF5A709D-B7A3-44A7-A9C4-A0A0500DE3CF}.Release|Any CPU.ActiveCfg = Release|Any CPU
		{EF5A709D-B7A3-44A7-A9C4-A0A0500DE3CF}.Release|Any CPU.Build.0 = Release|Any CPU
	EndGlobalSection
	GlobalSection(SolutionProperties) = preSolution
		HideSolutionNode = FALSE
	EndGlobalSection
	GlobalSection(ExtensibilityGlobals) = postSolution
		SolutionGuid = {CEEFE973-DB23-4412-8F9A-7E432D6DF052}
	EndGlobalSection
EndGlobal
